
Microsoft Visual Studio Solution File, Format Version 12.00
# Visual Studio Version 17
VisualStudioVersion = 17.11.35111.106
MinimumVisualStudioVersion = 10.0.40219.1
Project("{9A19103F-16F7-4668-BE54-9A1E7A4F7556}") = "Iot", "Iot\Iot.csproj", "{8424A5F1-F557-4374-AE31-0D7574C1F562}"
EndProject
Project("{9A19103F-16F7-4668-BE54-9A1E7A4F7556}") = "LocationService", "LocationService\LocationService.csproj", "{579F8DFF-F354-448B-BE23-B69D91C04F80}"
EndProject
Project("{9A19103F-16F7-4668-BE54-9A1E7A4F7556}") = "SpeedService", "SpeedService\SpeedService.csproj", "{D9C72953-1E7A-4474-926A-24FB7D5189A1}"
EndProject
Project("{9A19103F-16F7-4668-BE54-9A1E7A4F7556}") = "LoggerService", "LoggerService\LoggerService.csproj", "{0AD5C1CB-7DB0-4B7D-B262-6F2C24BD6614}"
EndProject
Project("{FAE04EC0-301F-11D3-BF4B-00C04F79EFBC}") = "Common", "Common\Common.csproj", "{21727208-2DF5-495E-8A4E-4B9789EC5249}"
EndProject
Project("{FAE04EC0-301F-11D3-BF4B-00C04F79EFBC}") = "SpeedBelowOrEqualMaxConsumer", "SpeedBelowOrEqualMaxConsumer\SpeedBelowOrEqualMaxConsumer.csproj", "{F7A86953-3D0A-4765-820D-8F05C0ED49C1}"
EndProject
Project("{FAE04EC0-301F-11D3-BF4B-00C04F79EFBC}") = "SpeedAboveMaxConsumer", "SpeedAboveMaxConsumer\SpeedAboveMaxConsumer.csproj", "{686A7381-D202-4A12-A3C1-0AD65824F5AB}"
EndProject
Global
	GlobalSection(SolutionConfigurationPlatforms) = preSolution
		Debug|Any CPU = Debug|Any CPU
		Release|Any CPU = Release|Any CPU
	EndGlobalSection
	GlobalSection(ProjectConfigurationPlatforms) = postSolution
		{8424A5F1-F557-4374-AE31-0D7574C1F562}.Debug|Any CPU.ActiveCfg = Debug|Any CPU
		{8424A5F1-F557-4374-AE31-0D7574C1F562}.Debug|Any CPU.Build.0 = Debug|Any CPU
		{8424A5F1-F557-4374-AE31-0D7574C1F562}.Release|Any CPU.ActiveCfg = Release|Any CPU
		{8424A5F1-F557-4374-AE31-0D7574C1F562}.Release|Any CPU.Build.0 = Release|Any CPU
		{579F8DFF-F354-448B-BE23-B69D91C04F80}.Debug|Any CPU.ActiveCfg = Debug|Any CPU
		{579F8DFF-F354-448B-BE23-B69D91C04F80}.Debug|Any CPU.Build.0 = Debug|Any CPU
		{579F8DFF-F354-448B-BE23-B69D91C04F80}.Release|Any CPU.ActiveCfg = Release|Any CPU
		{579F8DFF-F354-448B-BE23-B69D91C04F80}.Release|Any CPU.Build.0 = Release|Any CPU
		{D9C72953-1E7A-4474-926A-24FB7D5189A1}.Debug|Any CPU.ActiveCfg = Debug|Any CPU
		{D9C72953-1E7A-4474-926A-24FB7D5189A1}.Debug|Any CPU.Build.0 = Debug|Any CPU
		{D9C72953-1E7A-4474-926A-24FB7D5189A1}.Release|Any CPU.ActiveCfg = Release|Any CPU
		{D9C72953-1E7A-4474-926A-24FB7D5189A1}.Release|Any CPU.Build.0 = Release|Any CPU
		{0AD5C1CB-7DB0-4B7D-B262-6F2C24BD6614}.Debug|Any CPU.ActiveCfg = Debug|Any CPU
		{0AD5C1CB-7DB0-4B7D-B262-6F2C24BD6614}.Debug|Any CPU.Build.0 = Debug|Any CPU
		{0AD5C1CB-7DB0-4B7D-B262-6F2C24BD6614}.Release|Any CPU.ActiveCfg = Release|Any CPU
		{0AD5C1CB-7DB0-4B7D-B262-6F2C24BD6614}.Release|Any CPU.Build.0 = Release|Any CPU
		{21727208-2DF5-495E-8A4E-4B9789EC5249}.Debug|Any CPU.ActiveCfg = Debug|Any CPU
		{21727208-2DF5-495E-8A4E-4B9789EC5249}.Debug|Any CPU.Build.0 = Debug|Any CPU
		{21727208-2DF5-495E-8A4E-4B9789EC5249}.Release|Any CPU.ActiveCfg = Release|Any CPU
		{21727208-2DF5-495E-8A4E-4B9789EC5249}.Release|Any CPU.Build.0 = Release|Any CPU
		{F7A86953-3D0A-4765-820D-8F05C0ED49C1}.Debug|Any CPU.ActiveCfg = Debug|Any CPU
		{F7A86953-3D0A-4765-820D-8F05C0ED49C1}.Debug|Any CPU.Build.0 = Debug|Any CPU
		{F7A86953-3D0A-4765-820D-8F05C0ED49C1}.Release|Any CPU.ActiveCfg = Release|Any CPU
		{F7A86953-3D0A-4765-820D-8F05C0ED49C1}.Release|Any CPU.Build.0 = Release|Any CPU
		{686A7381-D202-4A12-A3C1-0AD65824F5AB}.Debug|Any CPU.ActiveCfg = Debug|Any CPU
		{686A7381-D202-4A12-A3C1-0AD65824F5AB}.Debug|Any CPU.Build.0 = Debug|Any CPU
		{686A7381-D202-4A12-A3C1-0AD65824F5AB}.Release|Any CPU.ActiveCfg = Release|Any CPU
		{686A7381-D202-4A12-A3C1-0AD65824F5AB}.Release|Any CPU.Build.0 = Release|Any CPU
	EndGlobalSection
	GlobalSection(SolutionProperties) = preSolution
		HideSolutionNode = FALSE
	EndGlobalSection
	GlobalSection(ExtensibilityGlobals) = postSolution
		SolutionGuid = {8C1EE29A-7A94-4F9B-809F-B60A84A81635}
	EndGlobalSection
EndGlobal
